
Microsoft Visual Studio Solution File, Format Version 12.00
# Visual Studio Version 16
VisualStudioVersion = 16.0.31321.278
MinimumVisualStudioVersion = 10.0.40219.1
Project("{FAE04EC0-301F-11D3-BF4B-00C04F79EFBC}") = "FlooringOrderingSystem", "FlooringOrderingSystem.csproj", "{BEA44082-3C86-4E66-9161-85D519C87DEF}"
EndProject
Project("{FAE04EC0-301F-11D3-BF4B-00C04F79EFBC}") = "FlooringOrderingSystem.View", "..\FlooringOrderingSystem.View\FlooringOrderingSystem.View.csproj", "{4C383C06-9432-489D-B00A-0A581A83F78C}"
EndProject
Project("{FAE04EC0-301F-11D3-BF4B-00C04F79EFBC}") = "FlooringOrderingSystem.Controller", "..\FlooringOrderingSystem.Controller\FlooringOrderingSystem.Controller.csproj", "{FEC9329F-0946-42DA-9BF2-0598FF3D0E5F}"
EndProject
Project("{FAE04EC0-301F-11D3-BF4B-00C04F79EFBC}") = "FlooringOrderingSystem.BLL", "..\FlooringOrderingSystem.BLL\FlooringOrderingSystem.BLL.csproj", "{22F01981-9641-4930-A05F-6D1EFB98BDF1}"
EndProject
Project("{FAE04EC0-301F-11D3-BF4B-00C04F79EFBC}") = "FlooringOrderingSystem.Data", "..\FlooringOrderingSystem.Data\FlooringOrderingSystem.Data.csproj", "{7A620A95-A287-4596-BACE-AF0BEB41FF39}"
EndProject
Project("{FAE04EC0-301F-11D3-BF4B-00C04F79EFBC}") = "FlooringOrderingSystem.Model", "..\FlooringOrderingSystem.Model\FlooringOrderingSystem.Model.csproj", "{23DBA389-F5F7-42D2-861D-F32A5B04BC00}"
EndProject
Project("{FAE04EC0-301F-11D3-BF4B-00C04F79EFBC}") = "FlooringOrderingSystem.Tests", "..\FlooringOrderingSystem.Tests\FlooringOrderingSystem.Tests.csproj", "{F9EEF3D2-CB50-41CB-A832-0407B1206004}"
EndProject
Global
	GlobalSection(SolutionConfigurationPlatforms) = preSolution
		Debug|Any CPU = Debug|Any CPU
		Release|Any CPU = Release|Any CPU
	EndGlobalSection
	GlobalSection(ProjectConfigurationPlatforms) = postSolution
		{BEA44082-3C86-4E66-9161-85D519C87DEF}.Debug|Any CPU.ActiveCfg = Debug|Any CPU
		{BEA44082-3C86-4E66-9161-85D519C87DEF}.Debug|Any CPU.Build.0 = Debug|Any CPU
		{BEA44082-3C86-4E66-9161-85D519C87DEF}.Release|Any CPU.ActiveCfg = Release|Any CPU
		{BEA44082-3C86-4E66-9161-85D519C87DEF}.Release|Any CPU.Build.0 = Release|Any CPU
		{4C383C06-9432-489D-B00A-0A581A83F78C}.Debug|Any CPU.ActiveCfg = Debug|Any CPU
		{4C383C06-9432-489D-B00A-0A581A83F78C}.Debug|Any CPU.Build.0 = Debug|Any CPU
		{4C383C06-9432-489D-B00A-0A581A83F78C}.Release|Any CPU.ActiveCfg = Release|Any CPU
		{4C383C06-9432-489D-B00A-0A581A83F78C}.Release|Any CPU.Build.0 = Release|Any CPU
		{FEC9329F-0946-42DA-9BF2-0598FF3D0E5F}.Debug|Any CPU.ActiveCfg = Debug|Any CPU
		{FEC9329F-0946-42DA-9BF2-0598FF3D0E5F}.Debug|Any CPU.Build.0 = Debug|Any CPU
		{FEC9329F-0946-42DA-9BF2-0598FF3D0E5F}.Release|Any CPU.ActiveCfg = Release|Any CPU
		{FEC9329F-0946-42DA-9BF2-0598FF3D0E5F}.Release|Any CPU.Build.0 = Release|Any CPU
		{22F01981-9641-4930-A05F-6D1EFB98BDF1}.Debug|Any CPU.ActiveCfg = Debug|Any CPU
		{22F01981-9641-4930-A05F-6D1EFB98BDF1}.Debug|Any CPU.Build.0 = Debug|Any CPU
		{22F01981-9641-4930-A05F-6D1EFB98BDF1}.Release|Any CPU.ActiveCfg = Release|Any CPU
		{22F01981-9641-4930-A05F-6D1EFB98BDF1}.Release|Any CPU.Build.0 = Release|Any CPU
		{7A620A95-A287-4596-BACE-AF0BEB41FF39}.Debug|Any CPU.ActiveCfg = Debug|Any CPU
		{7A620A95-A287-4596-BACE-AF0BEB41FF39}.Debug|Any CPU.Build.0 = Debug|Any CPU
		{7A620A95-A287-4596-BACE-AF0BEB41FF39}.Release|Any CPU.ActiveCfg = Release|Any CPU
		{7A620A95-A287-4596-BACE-AF0BEB41FF39}.Release|Any CPU.Build.0 = Release|Any CPU
		{23DBA389-F5F7-42D2-861D-F32A5B04BC00}.Debug|Any CPU.ActiveCfg = Debug|Any CPU
		{23DBA389-F5F7-42D2-861D-F32A5B04BC00}.Debug|Any CPU.Build.0 = Debug|Any CPU
		{23DBA389-F5F7-42D2-861D-F32A5B04BC00}.Release|Any CPU.ActiveCfg = Release|Any CPU
		{23DBA389-F5F7-42D2-861D-F32A5B04BC00}.Release|Any CPU.Build.0 = Release|Any CPU
		{F9EEF3D2-CB50-41CB-A832-0407B1206004}.Debug|Any CPU.ActiveCfg = Debug|Any CPU
		{F9EEF3D2-CB50-41CB-A832-0407B1206004}.Debug|Any CPU.Build.0 = Debug|Any CPU
		{F9EEF3D2-CB50-41CB-A832-0407B1206004}.Release|Any CPU.ActiveCfg = Release|Any CPU
		{F9EEF3D2-CB50-41CB-A832-0407B1206004}.Release|Any CPU.Build.0 = Release|Any CPU
	EndGlobalSection
	GlobalSection(SolutionProperties) = preSolution
		HideSolutionNode = FALSE
	EndGlobalSection
	GlobalSection(ExtensibilityGlobals) = postSolution
		SolutionGuid = {848719FE-40D9-41BA-ABB2-8A8D742966F0}
	EndGlobalSection
EndGlobal
